
Microsoft Visual Studio Solution File, Format Version 12.00
# Visual Studio Version 17
VisualStudioVersion = 17.3.32922.545
MinimumVisualStudioVersion = 10.0.40219.1
Project("{FAE04EC0-301F-11D3-BF4B-00C04F79EFBC}") = "StudentParser_", "StudentParser_\StudentParser_.csproj", "{47CA494B-8758-4B3D-9AD9-48E3E43F3B21}"
EndProject
Project("{FAE04EC0-301F-11D3-BF4B-00C04F79EFBC}") = "StudentParser_.Test", "StudentParser_.Test\StudentParser_.Test.csproj", "{D3BEB314-DBB1-4268-9AA8-4C26DD0549D0}"
EndProject
Global
	GlobalSection(SolutionConfigurationPlatforms) = preSolution
		Debug|Any CPU = Debug|Any CPU
		Release|Any CPU = Release|Any CPU
	EndGlobalSection
	GlobalSection(ProjectConfigurationPlatforms) = postSolution
		{47CA494B-8758-4B3D-9AD9-48E3E43F3B21}.Debug|Any CPU.ActiveCfg = Debug|Any CPU
		{47CA494B-8758-4B3D-9AD9-48E3E43F3B21}.Debug|Any CPU.Build.0 = Debug|Any CPU
		{47CA494B-8758-4B3D-9AD9-48E3E43F3B21}.Release|Any CPU.ActiveCfg = Release|Any CPU
		{47CA494B-8758-4B3D-9AD9-48E3E43F3B21}.Release|Any CPU.Build.0 = Release|Any CPU
		{D3BEB314-DBB1-4268-9AA8-4C26DD0549D0}.Debug|Any CPU.ActiveCfg = Debug|Any CPU
		{D3BEB314-DBB1-4268-9AA8-4C26DD0549D0}.Debug|Any CPU.Build.0 = Debug|Any CPU
		{D3BEB314-DBB1-4268-9AA8-4C26DD0549D0}.Release|Any CPU.ActiveCfg = Release|Any CPU
		{D3BEB314-DBB1-4268-9AA8-4C26DD0549D0}.Release|Any CPU.Build.0 = Release|Any CPU
	EndGlobalSection
	GlobalSection(SolutionProperties) = preSolution
		HideSolutionNode = FALSE
	EndGlobalSection
	GlobalSection(ExtensibilityGlobals) = postSolution
		SolutionGuid = {B908969C-CC5D-4DCF-97D9-35C2C20801B0}
	EndGlobalSection
EndGlobal
