
Microsoft Visual Studio Solution File, Format Version 12.00
# Visual Studio Version 17
VisualStudioVersion = 17.3.32922.545
MinimumVisualStudioVersion = 10.0.40219.1
Project("{FAE04EC0-301F-11D3-BF4B-00C04F79EFBC}") = "StudentParser", "StudentParser\StudentParser.csproj", "{95C85F8A-35AB-4EE5-A3F9-73B4222C61F6}"
EndProject
Global
	GlobalSection(SolutionConfigurationPlatforms) = preSolution
		Debug|Any CPU = Debug|Any CPU
		Release|Any CPU = Release|Any CPU
	EndGlobalSection
	GlobalSection(ProjectConfigurationPlatforms) = postSolution
		{95C85F8A-35AB-4EE5-A3F9-73B4222C61F6}.Debug|Any CPU.ActiveCfg = Debug|Any CPU
		{95C85F8A-35AB-4EE5-A3F9-73B4222C61F6}.Debug|Any CPU.Build.0 = Debug|Any CPU
		{95C85F8A-35AB-4EE5-A3F9-73B4222C61F6}.Release|Any CPU.ActiveCfg = Release|Any CPU
		{95C85F8A-35AB-4EE5-A3F9-73B4222C61F6}.Release|Any CPU.Build.0 = Release|Any CPU
	EndGlobalSection
	GlobalSection(SolutionProperties) = preSolution
		HideSolutionNode = FALSE
	EndGlobalSection
	GlobalSection(ExtensibilityGlobals) = postSolution
		SolutionGuid = {6FC756E4-FEF8-40C9-9A60-73C2846DAFB8}
	EndGlobalSection
EndGlobal
